
Microsoft Visual Studio Solution File, Format Version 12.00
# Visual Studio Version 17
VisualStudioVersion = 17.9.34728.123
MinimumVisualStudioVersion = 10.0.40219.1
Project("{FAE04EC0-301F-11D3-BF4B-00C04F79EFBC}") = "BasicDbHandling", "BasicDbHandling\BasicDbHandling.csproj", "{5445FE6B-12D3-4F68-A006-006E9ACA55F8}"
EndProject
Global
	GlobalSection(SolutionConfigurationPlatforms) = preSolution
		Debug|Any CPU = Debug|Any CPU
		Release|Any CPU = Release|Any CPU
	EndGlobalSection
	GlobalSection(ProjectConfigurationPlatforms) = postSolution
		{5445FE6B-12D3-4F68-A006-006E9ACA55F8}.Debug|Any CPU.ActiveCfg = Debug|Any CPU
		{5445FE6B-12D3-4F68-A006-006E9ACA55F8}.Debug|Any CPU.Build.0 = Debug|Any CPU
		{5445FE6B-12D3-4F68-A006-006E9ACA55F8}.Release|Any CPU.ActiveCfg = Release|Any CPU
		{5445FE6B-12D3-4F68-A006-006E9ACA55F8}.Release|Any CPU.Build.0 = Release|Any CPU
	EndGlobalSection
	GlobalSection(SolutionProperties) = preSolution
		HideSolutionNode = FALSE
	EndGlobalSection
	GlobalSection(ExtensibilityGlobals) = postSolution
		SolutionGuid = {D4FFA2F5-5D72-4108-9007-D3023F05DB3C}
	EndGlobalSection
EndGlobal
